
Microsoft Visual Studio Solution File, Format Version 12.00
Project("{FAE04EC0-301F-11D3-BF4B-00C04F79EFBC}") = "RedBlack", "RedBlack\RedBlack.csproj", "{84953356-7266-4117-8218-F4721101A0BB}"
EndProject
Project("{FAE04EC0-301F-11D3-BF4B-00C04F79EFBC}") = "RedBlackBenchmark", "RedBlackBenchmark\RedBlackBenchmark.csproj", "{B029FFA4-15C8-41FB-9791-C5E4E0A09875}"
EndProject
Global
	GlobalSection(SolutionConfigurationPlatforms) = preSolution
		Debug|Any CPU = Debug|Any CPU
		Release|Any CPU = Release|Any CPU
	EndGlobalSection
	GlobalSection(ProjectConfigurationPlatforms) = postSolution
		{84953356-7266-4117-8218-F4721101A0BB}.Debug|Any CPU.ActiveCfg = Debug|Any CPU
		{84953356-7266-4117-8218-F4721101A0BB}.Debug|Any CPU.Build.0 = Debug|Any CPU
		{84953356-7266-4117-8218-F4721101A0BB}.Release|Any CPU.ActiveCfg = Release|Any CPU
		{84953356-7266-4117-8218-F4721101A0BB}.Release|Any CPU.Build.0 = Release|Any CPU
		{B029FFA4-15C8-41FB-9791-C5E4E0A09875}.Debug|Any CPU.ActiveCfg = Debug|Any CPU
		{B029FFA4-15C8-41FB-9791-C5E4E0A09875}.Debug|Any CPU.Build.0 = Debug|Any CPU
		{B029FFA4-15C8-41FB-9791-C5E4E0A09875}.Release|Any CPU.ActiveCfg = Release|Any CPU
		{B029FFA4-15C8-41FB-9791-C5E4E0A09875}.Release|Any CPU.Build.0 = Release|Any CPU
	EndGlobalSection
EndGlobal
